
Microsoft Visual Studio Solution File, Format Version 12.00
# Visual Studio 15
VisualStudioVersion = 15.0.26403.7
MinimumVisualStudioVersion = 10.0.40219.1
Project("{FAE04EC0-301F-11D3-BF4B-00C04F79EFBC}") = "calc3Mil,GUI1", "calc3Mil,GUI1.csproj", "{40C92351-C933-4F9B-8764-7B1F0A3D601E}"
EndProject
Global
	GlobalSection(SolutionConfigurationPlatforms) = preSolution
		Debug|Any CPU = Debug|Any CPU
		Release|Any CPU = Release|Any CPU
	EndGlobalSection
	GlobalSection(ProjectConfigurationPlatforms) = postSolution
		{40C92351-C933-4F9B-8764-7B1F0A3D601E}.Debug|Any CPU.ActiveCfg = Debug|Any CPU
		{40C92351-C933-4F9B-8764-7B1F0A3D601E}.Debug|Any CPU.Build.0 = Debug|Any CPU
		{40C92351-C933-4F9B-8764-7B1F0A3D601E}.Release|Any CPU.ActiveCfg = Release|Any CPU
		{40C92351-C933-4F9B-8764-7B1F0A3D601E}.Release|Any CPU.Build.0 = Release|Any CPU
	EndGlobalSection
	GlobalSection(SolutionProperties) = preSolution
		HideSolutionNode = FALSE
	EndGlobalSection
EndGlobal
